// !$*UTF8*$!
{
	archiveVersion = 1;
	classes = {
	};
	objectVersion = 50;
	objects = {

/* Begin PBXBuildFile section */
		EB59F89F25DCD9740097DB68 /* AppDelegate.swift in Sources */ = {isa = PBXBuildFile; fileRef = EB59F89E25DCD9740097DB68 /* AppDelegate.swift */; };
		EB59F8A125DCD9740097DB68 /* SceneDelegate.swift in Sources */ = {isa = PBXBuildFile; fileRef = EB59F8A025DCD9740097DB68 /* SceneDelegate.swift */; };
		EB59F8A325DCD9740097DB68 /* ViewController.swift in Sources */ = {isa = PBXBuildFile; fileRef = EB59F8A225DCD9740097DB68 /* ViewController.swift */; };
		EB59F8A625DCD9740097DB68 /* Main.storyboard in Resources */ = {isa = PBXBuildFile; fileRef = EB59F8A425DCD9740097DB68 /* Main.storyboard */; };
		EB59F8A925DCD9740097DB68 /* CoredataCWC.xcdatamodeld in Sources */ = {isa = PBXBuildFile; fileRef = EB59F8A725DCD9740097DB68 /* CoredataCWC.xcdatamodeld */; };
		EB59F8AB25DCD9770097DB68 /* Assets.xcassets in Resources */ = {isa = PBXBuildFile; fileRef = EB59F8AA25DCD9770097DB68 /* Assets.xcassets */; };
		EB59F8AE25DCD9770097DB68 /* LaunchScreen.storyboard in Resources */ = {isa = PBXBuildFile; fileRef = EB59F8AC25DCD9770097DB68 /* LaunchScreen.storyboard */; };
		EB59F8B825DD08DF0097DB68 /* Person+CoreDataClass.swift in Sources */ = {isa = PBXBuildFile; fileRef = EB59F8B625DD08DF0097DB68 /* Person+CoreDataClass.swift */; };
		EB59F8B925DD08DF0097DB68 /* Person+CoreDataProperties.swift in Sources */ = {isa = PBXBuildFile; fileRef = EB59F8B725DD08DF0097DB68 /* Person+CoreDataProperties.swift */; };
/* End PBXBuildFile section */

/* Begin PBXFileReference section */
		EB59F89B25DCD9740097DB68 /* CoredataCWC.app */ = {isa = PBXFileReference; explicitFileType = wrapper.application; includeInIndex = 0; path = CoredataCWC.app; sourceTree = BUILT_PRODUCTS_DIR; };
		EB59F89E25DCD9740097DB68 /* AppDelegate.swift */ = {isa = PBXFileReference; lastKnownFileType = sourcecode.swift; path = AppDelegate.swift; sourceTree = "<group>"; };
		EB59F8A025DCD9740097DB68 /* SceneDelegate.swift */ = {isa = PBXFileReference; lastKnownFileType = sourcecode.swift; path = SceneDelegate.swift; sourceTree = "<group>"; };
		EB59F8A225DCD9740097DB68 /* ViewController.swift */ = {isa = PBXFileReference; lastKnownFileType = sourcecode.swift; path = ViewController.swift; sourceTree = "<group>"; };
		EB59F8A525DCD9740097DB68 /* Base */ = {isa = PBXFileReference; lastKnownFileType = file.storyboard; name = Base; path = Base.lproj/Main.storyboard; sourceTree = "<group>"; };
		EB59F8A825DCD9740097DB68 /* CoredataCWC.xcdatamodel */ = {isa = PBXFileReference; lastKnownFileType = wrapper.xcdatamodel; path = CoredataCWC.xcdatamodel; sourceTree = "<group>"; };
		EB59F8AA25DCD9770097DB68 /* Assets.xcassets */ = {isa = PBXFileReference; lastKnownFileType = folder.assetcatalog; path = Assets.xcassets; sourceTree = "<group>"; };
		EB59F8AD25DCD9770097DB68 /* Base */ = {isa = PBXFileReference; lastKnownFileType = file.storyboard; name = Base; path = Base.lproj/LaunchScreen.storyboard; sourceTree = "<group>"; };
		EB59F8AF25DCD9770097DB68 /* Info.plist */ = {isa = PBXFileReference; lastKnownFileType = text.plist.xml; path = Info.plist; sourceTree = "<group>"; };
		EB59F8B625DD08DF0097DB68 /* Person+CoreDataClass.swift */ = {isa = PBXFileReference; lastKnownFileType = sourcecode.swift; path = "Person+CoreDataClass.swift"; sourceTree = "<group>"; };
		EB59F8B725DD08DF0097DB68 /* Person+CoreDataProperties.swift */ = {isa = PBXFileReference; lastKnownFileType = sourcecode.swift; path = "Person+CoreDataProperties.swift"; sourceTree = "<group>"; };
/* End PBXFileReference section */

/* Begin PBXFrameworksBuildPhase section */
		EB59F89825DCD9740097DB68 /* Frameworks */ = {
			isa = PBXFrameworksBuildPhase;
			buildActionMask = 2147483647;
			files = (
			);
			runOnlyForDeploymentPostprocessing = 0;
		};
/* End PBXFrameworksBuildPhase section */

/* Begin PBXGroup section */
		EB59F89225DCD9740097DB68 = {
			isa = PBXGroup;
			children = (
				EB59F89D25DCD9740097DB68 /* CoredataCWC */,
				EB59F89C25DCD9740097DB68 /* Products */,
			);
			sourceTree = "<group>";
		};
		EB59F89C25DCD9740097DB68 /* Products */ = {
			isa = PBXGroup;
			children = (
				EB59F89B25DCD9740097DB68 /* CoredataCWC.app */,
			);
			name = Products;
			sourceTree = "<group>";
		};
		EB59F89D25DCD9740097DB68 /* CoredataCWC */ = {
			isa = PBXGroup;
			children = (
				EB59F8BB25DD08F50097DB68 /* Model */,
				EB59F89E25DCD9740097DB68 /* AppDelegate.swift */,
				EB59F8A025DCD9740097DB68 /* SceneDelegate.swift */,
				EB59F8A225DCD9740097DB68 /* ViewController.swift */,
				EB59F8A425DCD9740097DB68 /* Main.storyboard */,
				EB59F8AA25DCD9770097DB68 /* Assets.xcassets */,
				EB59F8AC25DCD9770097DB68 /* LaunchScreen.storyboard */,
				EB59F8AF25DCD9770097DB68 /* Info.plist */,
				EB59F8A725DCD9740097DB68 /* CoredataCWC.xcdatamodeld */,
			);
			path = CoredataCWC;
			sourceTree = "<group>";
		};
		EB59F8BB25DD08F50097DB68 /* Model */ = {
			isa = PBXGroup;
			children = (
				EB59F8B625DD08DF0097DB68 /* Person+CoreDataClass.swift */,
				EB59F8B725DD08DF0097DB68 /* Person+CoreDataProperties.swift */,
			);
			path = Model;
			sourceTree = "<group>";
		};
/* End PBXGroup section */

/* Begin PBXNativeTarget section */
		EB59F89A25DCD9740097DB68 /* CoredataCWC */ = {
			isa = PBXNativeTarget;
			buildConfigurationList = EB59F8B225DCD9770097DB68 /* Build configuration list for PBXNativeTarget "CoredataCWC" */;
			buildPhases = (
				EB59F89725DCD9740097DB68 /* Sources */,
				EB59F89825DCD9740097DB68 /* Frameworks */,
				EB59F89925DCD9740097DB68 /* Resources */,
			);
			buildRules = (
			);
			dependencies = (
			);
			name = CoredataCWC;
			productName = CoredataCWC;
			productReference = EB59F89B25DCD9740097DB68 /* CoredataCWC.app */;
			productType = "com.apple.product-type.application";
		};
/* End PBXNativeTarget section */

/* Begin PBXProject section */
		EB59F89325DCD9740097DB68 /* Project object */ = {
			isa = PBXProject;
			attributes = {
				LastSwiftUpdateCheck = 1220;
				LastUpgradeCheck = 1220;
				TargetAttributes = {
					EB59F89A25DCD9740097DB68 = {
						CreatedOnToolsVersion = 12.2;
					};
				};
			};
			buildConfigurationList = EB59F89625DCD9740097DB68 /* Build configuration list for PBXProject "CoredataCWC" */;
			compatibilityVersion = "Xcode 9.3";
			developmentRegion = en;
			hasScannedForEncodings = 0;
			knownRegions = (
				en,
				Base,
			);
			mainGroup = EB59F89225DCD9740097DB68;
			productRefGroup = EB59F89C25DCD9740097DB68 /* Products */;
			projectDirPath = "";
			projectRoot = "";
			targets = (
				EB59F89A25DCD9740097DB68 /* CoredataCWC */,
			);
		};
/* End PBXProject section */

/* Begin PBXResourcesBuildPhase section */
		EB59F89925DCD9740097DB68 /* Resources */ = {
			isa = PBXResourcesBuildPhase;
			buildActionMask = 2147483647;
			files = (
				EB59F8AE25DCD9770097DB68 /* LaunchScreen.storyboard in Resources */,
				EB59F8AB25DCD9770097DB68 /* Assets.xcassets in Resources */,
				EB59F8A625DCD9740097DB68 /* Main.storyboard in Resources */,
			);
			runOnlyForDeploymentPostprocessing = 0;
		};
/* End PBXResourcesBuildPhase section */

/* Begin PBXSourcesBuildPhase section */
		EB59F89725DCD9740097DB68 /* Sources */ = {
			isa = PBXSourcesBuildPhase;
			buildActionMask = 2147483647;
			files = (
				EB59F8A925DCD9740097DB68 /* CoredataCWC.xcdatamodeld in Sources */,
				EB59F8A325DCD9740097DB68 /* ViewController.swift in Sources */,
				EB59F8B925DD08DF0097DB68 /* Person+CoreDataProperties.swift in Sources */,
				EB59F8B825DD08DF0097DB68 /* Person+CoreDataClass.swift in Sources */,
				EB59F89F25DCD9740097DB68 /* AppDelegate.swift in Sources */,
				EB59F8A125DCD9740097DB68 /* SceneDelegate.swift in Sources */,
			);
			runOnlyForDeploymentPostprocessing = 0;
		};
/* End PBXSourcesBuildPhase section */

/* Begin PBXVariantGroup section */
		EB59F8A425DCD9740097DB68 /* Main.storyboard */ = {
			isa = PBXVariantGroup;
			children = (
				EB59F8A525DCD9740097DB68 /* Base */,
			);
			name = Main.storyboard;
			sourceTree = "<group>";
		};
		EB59F8AC25DCD9770097DB68 /* LaunchScreen.storyboard */ = {
			isa = PBXVariantGroup;
			children = (
				EB59F8AD25DCD9770097DB68 /* Base */,
			);
			name = LaunchScreen.storyboard;
			sourceTree = "<group>";
		};
/* End PBXVariantGroup section */

/* Begin XCBuildConfiguration section */
		EB59F8B025DCD9770097DB68 /* Debug */ = {
			isa = XCBuildConfiguration;
			buildSettings = {
				ALWAYS_SEARCH_USER_PATHS = NO;
				CLANG_ANALYZER_NONNULL = YES;
				CLANG_ANALYZER_NUMBER_OBJECT_CONVERSION = YES_AGGRESSIVE;
				CLANG_CXX_LANGUAGE_STANDARD = "gnu++14";
				CLANG_CXX_LIBRARY = "libc++";
				CLANG_ENABLE_MODULES = YES;
				CLANG_ENABLE_OBJC_ARC = YES;
				CLANG_ENABLE_OBJC_WEAK = YES;
				CLANG_WARN_BLOCK_CAPTURE_AUTORELEASING = YES;
				CLANG_WARN_BOOL_CONVERSION = YES;
				CLANG_WARN_COMMA = YES;
				CLANG_WARN_CONSTANT_CONVERSION = YES;
				CLANG_WARN_DEPRECATED_OBJC_IMPLEMENTATIONS = YES;
				CLANG_WARN_DIRECT_OBJC_ISA_USAGE = YES_ERROR;
				CLANG_WARN_DOCUMENTATION_COMMENTS = YES;
				CLANG_WARN_EMPTY_BODY = YES;
				CLANG_WARN_ENUM_CONVERSION = YES;
				CLANG_WARN_INFINITE_RECURSION = YES;
				CLANG_WARN_INT_CONVERSION = YES;
				CLANG_WARN_NON_LITERAL_NULL_CONVERSION = YES;
				CLANG_WARN_OBJC_IMPLICIT_RETAIN_SELF = YES;
				CLANG_WARN_OBJC_LITERAL_CONVERSION = YES;
				CLANG_WARN_OBJC_ROOT_CLASS = YES_ERROR;
				CLANG_WARN_QUOTED_INCLUDE_IN_FRAMEWORK_HEADER = YES;
				CLANG_WARN_RANGE_LOOP_ANALYSIS = YES;
				CLANG_WARN_STRICT_PROTOTYPES = YES;
				CLANG_WARN_SUSPICIOUS_MOVE = YES;
				CLANG_WARN_UNGUARDED_AVAILABILITY = YES_AGGRESSIVE;
				CLANG_WARN_UNREACHABLE_CODE = YES;
				CLANG_WARN__DUPLICATE_METHOD_MATCH = YES;
				COPY_PHASE_STRIP = NO;
				DEBUG_INFORMATION_FORMAT = dwarf;
				ENABLE_STRICT_OBJC_MSGSEND = YES;
				ENABLE_TESTABILITY = YES;
				GCC_C_LANGUAGE_STANDARD = gnu11;
				GCC_DYNAMIC_NO_PIC = NO;
				GCC_NO_COMMON_BLOCKS = YES;
				GCC_OPTIMIZATION_LEVEL = 0;
				GCC_PREPROCESSOR_DEFINITIONS = (
					"DEBUG=1",
					"$(inherited)",
				);
				GCC_WARN_64_TO_32_BIT_CONVERSION = YES;
				GCC_WARN_ABOUT_RETURN_TYPE = YES_ERROR;
				GCC_WARN_UNDECLARED_SELECTOR = YES;
				GCC_WARN_UNINITIALIZED_AUTOS = YES_AGGRESSIVE;
				GCC_WARN_UNUSED_FUNCTION = YES;
				GCC_WARN_UNUSED_VARIABLE = YES;
				IPHONEOS_DEPLOYMENT_TARGET = 14.2;
				MTL_ENABLE_DEBUG_INFO = INCLUDE_SOURCE;
				MTL_FAST_MATH = YES;
				ONLY_ACTIVE_ARCH = YES;
				SDKROOT = iphoneos;
				SWIFT_ACTIVE_COMPILATION_CONDITIONS = DEBUG;
				SWIFT_OPTIMIZATION_LEVEL = "-Onone";
			};
			name = Debug;
		};
		EB59F8B125DCD9770097DB68 /* Release */ = {
			isa = XCBuildConfiguration;
			buildSettings = {
				ALWAYS_SEARCH_USER_PATHS = NO;
				CLANG_ANALYZER_NONNULL = YES;
				CLANG_ANALYZER_NUMBER_OBJECT_CONVERSION = YES_AGGRESSIVE;
				CLANG_CXX_LANGUAGE_STANDARD = "gnu++14";
				CLANG_CXX_LIBRARY = "libc++";
				CLANG_ENABLE_MODULES = YES;
				CLANG_ENABLE_OBJC_ARC = YES;
				CLANG_ENABLE_OBJC_WEAK = YES;
				CLANG_WARN_BLOCK_CAPTURE_AUTORELEASING = YES;
				CLANG_WARN_BOOL_CONVERSION = YES;
				CLANG_WARN_COMMA = YES;
				CLANG_WARN_CONSTANT_CONVERSION = YES;
				CLANG_WARN_DEPRECATED_OBJC_IMPLEMENTATIONS = YES;
				CLANG_WARN_DIRECT_OBJC_ISA_USAGE = YES_ERROR;
				CLANG_WARN_DOCUMENTATION_COMMENTS = YES;
				CLANG_WARN_EMPTY_BODY = YES;
				CLANG_WARN_ENUM_CONVERSION = YES;
				CLANG_WARN_INFINITE_RECURSION = YES;
				CLANG_WARN_INT_CONVERSION = YES;
				CLANG_WARN_NON_LITERAL_NULL_CONVERSION = YES;
				CLANG_WARN_OBJC_IMPLICIT_RETAIN_SELF = YES;
				CLANG_WARN_OBJC_LITERAL_CONVERSION = YES;
				CLANG_WARN_OBJC_ROOT_CLASS = YES_ERROR;
				CLANG_WARN_QUOTED_INCLUDE_IN_FRAMEWORK_HEADER = YES;
				CLANG_WARN_RANGE_LOOP_ANALYSIS = YES;
				CLANG_WARN_STRICT_PROTOTYPES = YES;
				CLANG_WARN_SUSPICIOUS_MOVE = YES;
				CLANG_WARN_UNGUARDED_AVAILABILITY = YES_AGGRESSIVE;
				CLANG_WARN_UNREACHABLE_CODE = YES;
				CLANG_WARN__DUPLICATE_METHOD_MATCH = YES;
				COPY_PHASE_STRIP = NO;
				DEBUG_INFORMATION_FORMAT = "dwarf-with-dsym";
				ENABLE_NS_ASSERTIONS = NO;
				ENABLE_STRICT_OBJC_MSGSEND = YES;
				GCC_C_LANGUAGE_STANDARD = gnu11;
				GCC_NO_COMMON_BLOCKS = YES;
				GCC_WARN_64_TO_32_BIT_CONVERSION = YES;
				GCC_WARN_ABOUT_RETURN_TYPE = YES_ERROR;
				GCC_WARN_UNDECLARED_SELECTOR = YES;
				GCC_WARN_UNINITIALIZED_AUTOS = YES_AGGRESSIVE;
				GCC_WARN_UNUSED_FUNCTION = YES;
				GCC_WARN_UNUSED_VARIABLE = YES;
				IPHONEOS_DEPLOYMENT_TARGET = 14.2;
				MTL_ENABLE_DEBUG_INFO = NO;
				MTL_FAST_MATH = YES;
				SDKROOT = iphoneos;
				SWIFT_COMPILATION_MODE = wholemodule;
				SWIFT_OPTIMIZATION_LEVEL = "-O";
				VALIDATE_PRODUCT = YES;
			};
			name = Release;
		};
		EB59F8B325DCD9770097DB68 /* Debug */ = {
			isa = XCBuildConfiguration;
			buildSettings = {
				ASSETCATALOG_COMPILER_APPICON_NAME = AppIcon;
				ASSETCATALOG_COMPILER_GLOBAL_ACCENT_COLOR_NAME = AccentColor;
				CODE_SIGN_STYLE = Automatic;
				DEVELOPMENT_TEAM = K924X73642;
				INFOPLIST_FILE = CoredataCWC/Info.plist;
				LD_RUNPATH_SEARCH_PATHS = (
					"$(inherited)",
					"@executable_path/Frameworks",
				);
				PRODUCT_BUNDLE_IDENTIFIER = com.tanvirgeek.CoredataCWC;
				PRODUCT_NAME = "$(TARGET_NAME)";
				SWIFT_VERSION = 5.0;
				TARGETED_DEVICE_FAMILY = "1,2";
			};
			name = Debug;
		};
		EB59F8B425DCD9770097DB68 /* Release */ = {
			isa = XCBuildConfiguration;
			buildSettings = {
				ASSETCATALOG_COMPILER_APPICON_NAME = AppIcon;
				ASSETCATALOG_COMPILER_GLOBAL_ACCENT_COLOR_NAME = AccentColor;
				CODE_SIGN_STYLE = Automatic;
				DEVELOPMENT_TEAM = K924X73642;
				INFOPLIST_FILE = CoredataCWC/Info.plist;
				LD_RUNPATH_SEARCH_PATHS = (
					"$(inherited)",
					"@executable_path/Frameworks",
				);
				PRODUCT_BUNDLE_IDENTIFIER = com.tanvirgeek.CoredataCWC;
				PRODUCT_NAME = "$(TARGET_NAME)";
				SWIFT_VERSION = 5.0;
				TARGETED_DEVICE_FAMILY = "1,2";
			};
			name = Release;
		};
/* End XCBuildConfiguration section */

/* Begin XCConfigurationList section */
		EB59F89625DCD9740097DB68 /* Build configuration list for PBXProject "CoredataCWC" */ = {
			isa = XCConfigurationList;
			buildConfigurations = (
				EB59F8B025DCD9770097DB68 /* Debug */,
				EB59F8B125DCD9770097DB68 /* Release */,
			);
			defaultConfigurationIsVisible = 0;
			defaultConfigurationName = Release;
		};
		EB59F8B225DCD9770097DB68 /* Build configuration list for PBXNativeTarget "CoredataCWC" */ = {
			isa = XCConfigurationList;
			buildConfigurations = (
				EB59F8B325DCD9770097DB68 /* Debug */,
				EB59F8B425DCD9770097DB68 /* Release */,
			);
			defaultConfigurationIsVisible = 0;
			defaultConfigurationName = Release;
		};
/* End XCConfigurationList section */

/* Begin XCVersionGroup section */
		EB59F8A725DCD9740097DB68 /* CoredataCWC.xcdatamodeld */ = {
			isa = XCVersionGroup;
			children = (
				EB59F8A825DCD9740097DB68 /* CoredataCWC.xcdatamodel */,
			);
			currentVersion = EB59F8A825DCD9740097DB68 /* CoredataCWC.xcdatamodel */;
			path = CoredataCWC.xcdatamodeld;
			sourceTree = "<group>";
			versionGroupType = wrapper.xcdatamodel;
		};
/* End XCVersionGroup section */
	};
	rootObject = EB59F89325DCD9740097DB68 /* Project object */;
}
